
Microsoft Visual Studio Solution File, Format Version 12.00
# Visual Studio Version 16
VisualStudioVersion = 16.0.30204.135
MinimumVisualStudioVersion = 10.0.40219.1
Project("{9A19103F-16F7-4668-BE54-9A1E7A4F7556}") = "thereseWebPage.UserInterface", "thereseWebPage.UserInterface\thereseWebPage.UserInterface.csproj", "{D8A71A69-E2B6-4B00-9723-BD1F9865DCBA}"
EndProject
Project("{FAE04EC0-301F-11D3-BF4B-00C04F79EFBC}") = "thereseWebPage.Core", "thereseWebPage.Core\thereseWebPage.Core.csproj", "{D46431B1-7AC1-4739-9155-39A1C1B13DD5}"
EndProject
Project("{FAE04EC0-301F-11D3-BF4B-00C04F79EFBC}") = "thereseWebPage.DataAccess", "thereseWebPage.DataAccess\thereseWebPage.DataAccess.csproj", "{7DA903E6-F3CC-43CA-977B-8ECCC3944F31}"
EndProject
Global
	GlobalSection(SolutionConfigurationPlatforms) = preSolution
		Debug|Any CPU = Debug|Any CPU
		Release|Any CPU = Release|Any CPU
	EndGlobalSection
	GlobalSection(ProjectConfigurationPlatforms) = postSolution
		{D8A71A69-E2B6-4B00-9723-BD1F9865DCBA}.Debug|Any CPU.ActiveCfg = Debug|Any CPU
		{D8A71A69-E2B6-4B00-9723-BD1F9865DCBA}.Debug|Any CPU.Build.0 = Debug|Any CPU
		{D8A71A69-E2B6-4B00-9723-BD1F9865DCBA}.Release|Any CPU.ActiveCfg = Release|Any CPU
		{D8A71A69-E2B6-4B00-9723-BD1F9865DCBA}.Release|Any CPU.Build.0 = Release|Any CPU
		{D46431B1-7AC1-4739-9155-39A1C1B13DD5}.Debug|Any CPU.ActiveCfg = Debug|Any CPU
		{D46431B1-7AC1-4739-9155-39A1C1B13DD5}.Debug|Any CPU.Build.0 = Debug|Any CPU
		{D46431B1-7AC1-4739-9155-39A1C1B13DD5}.Release|Any CPU.ActiveCfg = Release|Any CPU
		{D46431B1-7AC1-4739-9155-39A1C1B13DD5}.Release|Any CPU.Build.0 = Release|Any CPU
		{7DA903E6-F3CC-43CA-977B-8ECCC3944F31}.Debug|Any CPU.ActiveCfg = Debug|Any CPU
		{7DA903E6-F3CC-43CA-977B-8ECCC3944F31}.Debug|Any CPU.Build.0 = Debug|Any CPU
		{7DA903E6-F3CC-43CA-977B-8ECCC3944F31}.Release|Any CPU.ActiveCfg = Release|Any CPU
		{7DA903E6-F3CC-43CA-977B-8ECCC3944F31}.Release|Any CPU.Build.0 = Release|Any CPU
	EndGlobalSection
	GlobalSection(SolutionProperties) = preSolution
		HideSolutionNode = FALSE
	EndGlobalSection
	GlobalSection(ExtensibilityGlobals) = postSolution
		SolutionGuid = {1215D1C9-F7F4-4B5B-894B-8A05BBCB0B56}
	EndGlobalSection
EndGlobal
